// !$*UTF8*$!
{
	archiveVersion = 1;
	classes = {
	};
	objectVersion = 55;
	objects = {

/* Begin PBXBuildFile section */
		6D26CDF5289BA0B1002DDB26 /* PlayerExtensions.swift in Sources */ = {isa = PBXBuildFile; fileRef = 6D26CDF4289BA0B1002DDB26 /* PlayerExtensions.swift */; };
		6D2CEEF028A030220043C273 /* ChannelTabsView.swift in Sources */ = {isa = PBXBuildFile; fileRef = 6D2CEEEF28A030220043C273 /* ChannelTabsView.swift */; };
		6D2CEEF228A032230043C273 /* NavigationBarView.swift in Sources */ = {isa = PBXBuildFile; fileRef = 6D2CEEF128A032230043C273 /* NavigationBarView.swift */; };
		6D2CEEF428A033E50043C273 /* NavBarItemView.swift in Sources */ = {isa = PBXBuildFile; fileRef = 6D2CEEF328A033E50043C273 /* NavBarItemView.swift */; };
		6D53280428998AB500D6F0F7 /* AudioManager.swift in Sources */ = {isa = PBXBuildFile; fileRef = 6D53280328998AB500D6F0F7 /* AudioManager.swift */; };
		6D53280628998BFF00D6F0F7 /* PlayerView.swift in Sources */ = {isa = PBXBuildFile; fileRef = 6D53280528998BFF00D6F0F7 /* PlayerView.swift */; };
		6D5A2BB428A1267100599D74 /* README.md in Resources */ = {isa = PBXBuildFile; fileRef = 6D5A2BB328A1267100599D74 /* README.md */; };
		6D765B982896E3CC005A51E7 /* ChannelView.swift in Sources */ = {isa = PBXBuildFile; fileRef = 6D765B972896E3CC005A51E7 /* ChannelView.swift */; };
		6D7B9AAC28966B4E00528BD3 /* OldTimeRadioApp.swift in Sources */ = {isa = PBXBuildFile; fileRef = 6D7B9AAB28966B4E00528BD3 /* OldTimeRadioApp.swift */; };
		6D7B9AAE28966B4E00528BD3 /* ContentView.swift in Sources */ = {isa = PBXBuildFile; fileRef = 6D7B9AAD28966B4E00528BD3 /* ContentView.swift */; };
		6D7B9AB028966B4E00528BD3 /* Assets.xcassets in Resources */ = {isa = PBXBuildFile; fileRef = 6D7B9AAF28966B4E00528BD3 /* Assets.xcassets */; };
		6D7B9AB328966B4E00528BD3 /* Preview Assets.xcassets in Resources */ = {isa = PBXBuildFile; fileRef = 6D7B9AB228966B4E00528BD3 /* Preview Assets.xcassets */; };
		6D7B9ABD28966B4F00528BD3 /* OldTimeRadioTests.swift in Sources */ = {isa = PBXBuildFile; fileRef = 6D7B9ABC28966B4F00528BD3 /* OldTimeRadioTests.swift */; };
		6D7B9AC728966B4F00528BD3 /* OldTimeRadioUITests.swift in Sources */ = {isa = PBXBuildFile; fileRef = 6D7B9AC628966B4F00528BD3 /* OldTimeRadioUITests.swift */; };
		6D7B9AC928966B4F00528BD3 /* OldTimeRadioUITestsLaunchTests.swift in Sources */ = {isa = PBXBuildFile; fileRef = 6D7B9AC828966B4F00528BD3 /* OldTimeRadioUITestsLaunchTests.swift */; };
		6D7B9AD928966C3500528BD3 /* PlaylistModel.swift in Sources */ = {isa = PBXBuildFile; fileRef = 6D7B9AD828966C3500528BD3 /* PlaylistModel.swift */; };
		6D7B9ADB28966C5600528BD3 /* ChannelModel.swift in Sources */ = {isa = PBXBuildFile; fileRef = 6D7B9ADA28966C5600528BD3 /* ChannelModel.swift */; };
		6D7B9ADD28966C6D00528BD3 /* ShowModel.swift in Sources */ = {isa = PBXBuildFile; fileRef = 6D7B9ADC28966C6D00528BD3 /* ShowModel.swift */; };
		6DA0967E28A79EA80002A4D5 /* PlayerViewModel.swift in Sources */ = {isa = PBXBuildFile; fileRef = 6DA0967D28A79EA80002A4D5 /* PlayerViewModel.swift */; };
		6DA0968128A7AC320002A4D5 /* ArchiveHelper.swift in Sources */ = {isa = PBXBuildFile; fileRef = 6DA0968028A7AC320002A4D5 /* ArchiveHelper.swift */; };
		6DAB84B5289E44ED0028739F /* DataManager.swift in Sources */ = {isa = PBXBuildFile; fileRef = 6DAB84B4289E44ED0028739F /* DataManager.swift */; };
		6DAB84B7289E5A780028739F /* ChannelButtonView.swift in Sources */ = {isa = PBXBuildFile; fileRef = 6DAB84B6289E5A780028739F /* ChannelButtonView.swift */; };
		6DCDF463289C301100277A7F /* ChannelViewModel.swift in Sources */ = {isa = PBXBuildFile; fileRef = 6DCDF462289C301100277A7F /* ChannelViewModel.swift */; };
/* End PBXBuildFile section */

/* Begin PBXContainerItemProxy section */
		6D7B9AB928966B4F00528BD3 /* PBXContainerItemProxy */ = {
			isa = PBXContainerItemProxy;
			containerPortal = 6D7B9AA028966B4E00528BD3 /* Project object */;
			proxyType = 1;
			remoteGlobalIDString = 6D7B9AA728966B4E00528BD3;
			remoteInfo = OldTimeRadio;
		};
		6D7B9AC328966B4F00528BD3 /* PBXContainerItemProxy */ = {
			isa = PBXContainerItemProxy;
			containerPortal = 6D7B9AA028966B4E00528BD3 /* Project object */;
			proxyType = 1;
			remoteGlobalIDString = 6D7B9AA728966B4E00528BD3;
			remoteInfo = OldTimeRadio;
		};
/* End PBXContainerItemProxy section */

/* Begin PBXFileReference section */
		6D26CDF4289BA0B1002DDB26 /* PlayerExtensions.swift */ = {isa = PBXFileReference; lastKnownFileType = sourcecode.swift; path = PlayerExtensions.swift; sourceTree = "<group>"; };
		6D2CEEEF28A030220043C273 /* ChannelTabsView.swift */ = {isa = PBXFileReference; lastKnownFileType = sourcecode.swift; path = ChannelTabsView.swift; sourceTree = "<group>"; };
		6D2CEEF128A032230043C273 /* NavigationBarView.swift */ = {isa = PBXFileReference; lastKnownFileType = sourcecode.swift; path = NavigationBarView.swift; sourceTree = "<group>"; };
		6D2CEEF328A033E50043C273 /* NavBarItemView.swift */ = {isa = PBXFileReference; lastKnownFileType = sourcecode.swift; path = NavBarItemView.swift; sourceTree = "<group>"; };
		6D53280328998AB500D6F0F7 /* AudioManager.swift */ = {isa = PBXFileReference; lastKnownFileType = sourcecode.swift; path = AudioManager.swift; sourceTree = "<group>"; };
		6D53280528998BFF00D6F0F7 /* PlayerView.swift */ = {isa = PBXFileReference; lastKnownFileType = sourcecode.swift; path = PlayerView.swift; sourceTree = "<group>"; };
		6D53280728998E5000D6F0F7 /* Info.plist */ = {isa = PBXFileReference; lastKnownFileType = text.plist; path = Info.plist; sourceTree = "<group>"; };
		6D5A2BB328A1267100599D74 /* README.md */ = {isa = PBXFileReference; lastKnownFileType = net.daringfireball.markdown; path = README.md; sourceTree = "<group>"; };
		6D765B972896E3CC005A51E7 /* ChannelView.swift */ = {isa = PBXFileReference; lastKnownFileType = sourcecode.swift; path = ChannelView.swift; sourceTree = "<group>"; };
		6D7B9AA828966B4E00528BD3 /* OldTimeRadio.app */ = {isa = PBXFileReference; explicitFileType = wrapper.application; includeInIndex = 0; path = OldTimeRadio.app; sourceTree = BUILT_PRODUCTS_DIR; };
		6D7B9AAB28966B4E00528BD3 /* OldTimeRadioApp.swift */ = {isa = PBXFileReference; lastKnownFileType = sourcecode.swift; path = OldTimeRadioApp.swift; sourceTree = "<group>"; };
		6D7B9AAD28966B4E00528BD3 /* ContentView.swift */ = {isa = PBXFileReference; lastKnownFileType = sourcecode.swift; path = ContentView.swift; sourceTree = "<group>"; };
		6D7B9AAF28966B4E00528BD3 /* Assets.xcassets */ = {isa = PBXFileReference; lastKnownFileType = folder.assetcatalog; path = Assets.xcassets; sourceTree = "<group>"; };
		6D7B9AB228966B4E00528BD3 /* Preview Assets.xcassets */ = {isa = PBXFileReference; lastKnownFileType = folder.assetcatalog; path = "Preview Assets.xcassets"; sourceTree = "<group>"; };
		6D7B9AB828966B4F00528BD3 /* OldTimeRadioTests.xctest */ = {isa = PBXFileReference; explicitFileType = wrapper.cfbundle; includeInIndex = 0; path = OldTimeRadioTests.xctest; sourceTree = BUILT_PRODUCTS_DIR; };
		6D7B9ABC28966B4F00528BD3 /* OldTimeRadioTests.swift */ = {isa = PBXFileReference; lastKnownFileType = sourcecode.swift; path = OldTimeRadioTests.swift; sourceTree = "<group>"; };
		6D7B9AC228966B4F00528BD3 /* OldTimeRadioUITests.xctest */ = {isa = PBXFileReference; explicitFileType = wrapper.cfbundle; includeInIndex = 0; path = OldTimeRadioUITests.xctest; sourceTree = BUILT_PRODUCTS_DIR; };
		6D7B9AC628966B4F00528BD3 /* OldTimeRadioUITests.swift */ = {isa = PBXFileReference; lastKnownFileType = sourcecode.swift; path = OldTimeRadioUITests.swift; sourceTree = "<group>"; };
		6D7B9AC828966B4F00528BD3 /* OldTimeRadioUITestsLaunchTests.swift */ = {isa = PBXFileReference; lastKnownFileType = sourcecode.swift; path = OldTimeRadioUITestsLaunchTests.swift; sourceTree = "<group>"; };
		6D7B9AD828966C3500528BD3 /* PlaylistModel.swift */ = {isa = PBXFileReference; lastKnownFileType = sourcecode.swift; path = PlaylistModel.swift; sourceTree = "<group>"; };
		6D7B9ADA28966C5600528BD3 /* ChannelModel.swift */ = {isa = PBXFileReference; lastKnownFileType = sourcecode.swift; path = ChannelModel.swift; sourceTree = "<group>"; };
		6D7B9ADC28966C6D00528BD3 /* ShowModel.swift */ = {isa = PBXFileReference; lastKnownFileType = sourcecode.swift; path = ShowModel.swift; sourceTree = "<group>"; };
		6DA0967D28A79EA80002A4D5 /* PlayerViewModel.swift */ = {isa = PBXFileReference; lastKnownFileType = sourcecode.swift; path = PlayerViewModel.swift; sourceTree = "<group>"; };
		6DA0968028A7AC320002A4D5 /* ArchiveHelper.swift */ = {isa = PBXFileReference; lastKnownFileType = sourcecode.swift; path = ArchiveHelper.swift; sourceTree = "<group>"; };
		6DAB84B4289E44ED0028739F /* DataManager.swift */ = {isa = PBXFileReference; lastKnownFileType = sourcecode.swift; path = DataManager.swift; sourceTree = "<group>"; };
		6DAB84B6289E5A780028739F /* ChannelButtonView.swift */ = {isa = PBXFileReference; lastKnownFileType = sourcecode.swift; path = ChannelButtonView.swift; sourceTree = "<group>"; };
		6DCDF462289C301100277A7F /* ChannelViewModel.swift */ = {isa = PBXFileReference; lastKnownFileType = sourcecode.swift; path = ChannelViewModel.swift; sourceTree = "<group>"; };
/* End PBXFileReference section */

/* Begin PBXFrameworksBuildPhase section */
		6D7B9AA528966B4E00528BD3 /* Frameworks */ = {
			isa = PBXFrameworksBuildPhase;
			buildActionMask = 2147483647;
			files = (
			);
			runOnlyForDeploymentPostprocessing = 0;
		};
		6D7B9AB528966B4F00528BD3 /* Frameworks */ = {
			isa = PBXFrameworksBuildPhase;
			buildActionMask = 2147483647;
			files = (
			);
			runOnlyForDeploymentPostprocessing = 0;
		};
		6D7B9ABF28966B4F00528BD3 /* Frameworks */ = {
			isa = PBXFrameworksBuildPhase;
			buildActionMask = 2147483647;
			files = (
			);
			runOnlyForDeploymentPostprocessing = 0;
		};
/* End PBXFrameworksBuildPhase section */

/* Begin PBXGroup section */
		6D26CDF3289BA0A0002DDB26 /* Extension */ = {
			isa = PBXGroup;
			children = (
				6D26CDF4289BA0B1002DDB26 /* PlayerExtensions.swift */,
			);
			path = Extension;
			sourceTree = "<group>";
		};
		6D7B9A9F28966B4E00528BD3 = {
			isa = PBXGroup;
			children = (
				6D5A2BB328A1267100599D74 /* README.md */,
				6D7B9AAA28966B4E00528BD3 /* OldTimeRadio */,
				6D7B9ABB28966B4F00528BD3 /* OldTimeRadioTests */,
				6D7B9AC528966B4F00528BD3 /* OldTimeRadioUITests */,
				6D7B9AA928966B4E00528BD3 /* Products */,
			);
			sourceTree = "<group>";
		};
		6D7B9AA928966B4E00528BD3 /* Products */ = {
			isa = PBXGroup;
			children = (
				6D7B9AA828966B4E00528BD3 /* OldTimeRadio.app */,
				6D7B9AB828966B4F00528BD3 /* OldTimeRadioTests.xctest */,
				6D7B9AC228966B4F00528BD3 /* OldTimeRadioUITests.xctest */,
			);
			name = Products;
			sourceTree = "<group>";
		};
		6D7B9AAA28966B4E00528BD3 /* OldTimeRadio */ = {
			isa = PBXGroup;
			children = (
				6DA0967F28A7AC250002A4D5 /* Helper */,
				6DCDF461289C2FF600277A7F /* ViewModel */,
				6D26CDF3289BA0A0002DDB26 /* Extension */,
				6D53280728998E5000D6F0F7 /* Info.plist */,
				6D7B9AD728966C1100528BD3 /* Views */,
				6D7B9AD628966C0B00528BD3 /* Models */,
				6D7B9AD528966BE500528BD3 /* APIManagers */,
				6D7B9AAB28966B4E00528BD3 /* OldTimeRadioApp.swift */,
				6D7B9AAF28966B4E00528BD3 /* Assets.xcassets */,
				6D7B9AB128966B4E00528BD3 /* Preview Content */,
			);
			path = OldTimeRadio;
			sourceTree = "<group>";
		};
		6D7B9AB128966B4E00528BD3 /* Preview Content */ = {
			isa = PBXGroup;
			children = (
				6D7B9AB228966B4E00528BD3 /* Preview Assets.xcassets */,
			);
			path = "Preview Content";
			sourceTree = "<group>";
		};
		6D7B9ABB28966B4F00528BD3 /* OldTimeRadioTests */ = {
			isa = PBXGroup;
			children = (
				6D7B9ABC28966B4F00528BD3 /* OldTimeRadioTests.swift */,
			);
			path = OldTimeRadioTests;
			sourceTree = "<group>";
		};
		6D7B9AC528966B4F00528BD3 /* OldTimeRadioUITests */ = {
			isa = PBXGroup;
			children = (
				6D7B9AC628966B4F00528BD3 /* OldTimeRadioUITests.swift */,
				6D7B9AC828966B4F00528BD3 /* OldTimeRadioUITestsLaunchTests.swift */,
			);
			path = OldTimeRadioUITests;
			sourceTree = "<group>";
		};
		6D7B9AD528966BE500528BD3 /* APIManagers */ = {
			isa = PBXGroup;
			children = (
				6D53280328998AB500D6F0F7 /* AudioManager.swift */,
				6DAB84B4289E44ED0028739F /* DataManager.swift */,
			);
			path = APIManagers;
			sourceTree = "<group>";
		};
		6D7B9AD628966C0B00528BD3 /* Models */ = {
			isa = PBXGroup;
			children = (
				6D7B9AD828966C3500528BD3 /* PlaylistModel.swift */,
				6D7B9ADA28966C5600528BD3 /* ChannelModel.swift */,
				6D7B9ADC28966C6D00528BD3 /* ShowModel.swift */,
			);
			path = Models;
			sourceTree = "<group>";
		};
		6D7B9AD728966C1100528BD3 /* Views */ = {
			isa = PBXGroup;
			children = (
				6D7B9AAD28966B4E00528BD3 /* ContentView.swift */,
				6D765B972896E3CC005A51E7 /* ChannelView.swift */,
				6D53280528998BFF00D6F0F7 /* PlayerView.swift */,
				6DAB84B6289E5A780028739F /* ChannelButtonView.swift */,
				6D2CEEEF28A030220043C273 /* ChannelTabsView.swift */,
				6D2CEEF128A032230043C273 /* NavigationBarView.swift */,
				6D2CEEF328A033E50043C273 /* NavBarItemView.swift */,
			);
			path = Views;
			sourceTree = "<group>";
		};
		6DA0967F28A7AC250002A4D5 /* Helper */ = {
			isa = PBXGroup;
			children = (
				6DA0968028A7AC320002A4D5 /* ArchiveHelper.swift */,
			);
			path = Helper;
			sourceTree = "<group>";
		};
		6DCDF461289C2FF600277A7F /* ViewModel */ = {
			isa = PBXGroup;
			children = (
				6DCDF462289C301100277A7F /* ChannelViewModel.swift */,
				6DA0967D28A79EA80002A4D5 /* PlayerViewModel.swift */,
			);
			path = ViewModel;
			sourceTree = "<group>";
		};
/* End PBXGroup section */

/* Begin PBXNativeTarget section */
		6D7B9AA728966B4E00528BD3 /* OldTimeRadio */ = {
			isa = PBXNativeTarget;
			buildConfigurationList = 6D7B9ACC28966B4F00528BD3 /* Build configuration list for PBXNativeTarget "OldTimeRadio" */;
			buildPhases = (
				6D7B9AA428966B4E00528BD3 /* Sources */,
				6D7B9AA528966B4E00528BD3 /* Frameworks */,
				6D7B9AA628966B4E00528BD3 /* Resources */,
			);
			buildRules = (
			);
			dependencies = (
			);
			name = OldTimeRadio;
			productName = OldTimeRadio;
			productReference = 6D7B9AA828966B4E00528BD3 /* OldTimeRadio.app */;
			productType = "com.apple.product-type.application";
		};
		6D7B9AB728966B4F00528BD3 /* OldTimeRadioTests */ = {
			isa = PBXNativeTarget;
			buildConfigurationList = 6D7B9ACF28966B4F00528BD3 /* Build configuration list for PBXNativeTarget "OldTimeRadioTests" */;
			buildPhases = (
				6D7B9AB428966B4F00528BD3 /* Sources */,
				6D7B9AB528966B4F00528BD3 /* Frameworks */,
				6D7B9AB628966B4F00528BD3 /* Resources */,
			);
			buildRules = (
			);
			dependencies = (
				6D7B9ABA28966B4F00528BD3 /* PBXTargetDependency */,
			);
			name = OldTimeRadioTests;
			productName = OldTimeRadioTests;
			productReference = 6D7B9AB828966B4F00528BD3 /* OldTimeRadioTests.xctest */;
			productType = "com.apple.product-type.bundle.unit-test";
		};
		6D7B9AC128966B4F00528BD3 /* OldTimeRadioUITests */ = {
			isa = PBXNativeTarget;
			buildConfigurationList = 6D7B9AD228966B4F00528BD3 /* Build configuration list for PBXNativeTarget "OldTimeRadioUITests" */;
			buildPhases = (
				6D7B9ABE28966B4F00528BD3 /* Sources */,
				6D7B9ABF28966B4F00528BD3 /* Frameworks */,
				6D7B9AC028966B4F00528BD3 /* Resources */,
			);
			buildRules = (
			);
			dependencies = (
				6D7B9AC428966B4F00528BD3 /* PBXTargetDependency */,
			);
			name = OldTimeRadioUITests;
			productName = OldTimeRadioUITests;
			productReference = 6D7B9AC228966B4F00528BD3 /* OldTimeRadioUITests.xctest */;
			productType = "com.apple.product-type.bundle.ui-testing";
		};
/* End PBXNativeTarget section */

/* Begin PBXProject section */
		6D7B9AA028966B4E00528BD3 /* Project object */ = {
			isa = PBXProject;
			attributes = {
				BuildIndependentTargetsInParallel = 1;
				LastSwiftUpdateCheck = 1340;
				LastUpgradeCheck = 1340;
				TargetAttributes = {
					6D7B9AA728966B4E00528BD3 = {
						CreatedOnToolsVersion = 13.4.1;
					};
					6D7B9AB728966B4F00528BD3 = {
						CreatedOnToolsVersion = 13.4.1;
						TestTargetID = 6D7B9AA728966B4E00528BD3;
					};
					6D7B9AC128966B4F00528BD3 = {
						CreatedOnToolsVersion = 13.4.1;
						TestTargetID = 6D7B9AA728966B4E00528BD3;
					};
				};
			};
			buildConfigurationList = 6D7B9AA328966B4E00528BD3 /* Build configuration list for PBXProject "OldTimeRadio" */;
			compatibilityVersion = "Xcode 13.0";
			developmentRegion = en;
			hasScannedForEncodings = 0;
			knownRegions = (
				en,
				Base,
			);
			mainGroup = 6D7B9A9F28966B4E00528BD3;
			productRefGroup = 6D7B9AA928966B4E00528BD3 /* Products */;
			projectDirPath = "";
			projectRoot = "";
			targets = (
				6D7B9AA728966B4E00528BD3 /* OldTimeRadio */,
				6D7B9AB728966B4F00528BD3 /* OldTimeRadioTests */,
				6D7B9AC128966B4F00528BD3 /* OldTimeRadioUITests */,
			);
		};
/* End PBXProject section */

/* Begin PBXResourcesBuildPhase section */
		6D7B9AA628966B4E00528BD3 /* Resources */ = {
			isa = PBXResourcesBuildPhase;
			buildActionMask = 2147483647;
			files = (
				6D5A2BB428A1267100599D74 /* README.md in Resources */,
				6D7B9AB328966B4E00528BD3 /* Preview Assets.xcassets in Resources */,
				6D7B9AB028966B4E00528BD3 /* Assets.xcassets in Resources */,
			);
			runOnlyForDeploymentPostprocessing = 0;
		};
		6D7B9AB628966B4F00528BD3 /* Resources */ = {
			isa = PBXResourcesBuildPhase;
			buildActionMask = 2147483647;
			files = (
			);
			runOnlyForDeploymentPostprocessing = 0;
		};
		6D7B9AC028966B4F00528BD3 /* Resources */ = {
			isa = PBXResourcesBuildPhase;
			buildActionMask = 2147483647;
			files = (
			);
			runOnlyForDeploymentPostprocessing = 0;
		};
/* End PBXResourcesBuildPhase section */

/* Begin PBXSourcesBuildPhase section */
		6D7B9AA428966B4E00528BD3 /* Sources */ = {
			isa = PBXSourcesBuildPhase;
			buildActionMask = 2147483647;
			files = (
				6D2CEEF028A030220043C273 /* ChannelTabsView.swift in Sources */,
				6DCDF463289C301100277A7F /* ChannelViewModel.swift in Sources */,
				6D7B9AAE28966B4E00528BD3 /* ContentView.swift in Sources */,
				6D2CEEF428A033E50043C273 /* NavBarItemView.swift in Sources */,
				6DAB84B5289E44ED0028739F /* DataManager.swift in Sources */,
				6D53280628998BFF00D6F0F7 /* PlayerView.swift in Sources */,
				6D765B982896E3CC005A51E7 /* ChannelView.swift in Sources */,
				6DAB84B7289E5A780028739F /* ChannelButtonView.swift in Sources */,
				6D7B9AD928966C3500528BD3 /* PlaylistModel.swift in Sources */,
				6DA0967E28A79EA80002A4D5 /* PlayerViewModel.swift in Sources */,
				6D7B9AAC28966B4E00528BD3 /* OldTimeRadioApp.swift in Sources */,
				6DA0968128A7AC320002A4D5 /* ArchiveHelper.swift in Sources */,
				6D7B9ADB28966C5600528BD3 /* ChannelModel.swift in Sources */,
				6D53280428998AB500D6F0F7 /* AudioManager.swift in Sources */,
				6D26CDF5289BA0B1002DDB26 /* PlayerExtensions.swift in Sources */,
				6D7B9ADD28966C6D00528BD3 /* ShowModel.swift in Sources */,
				6D2CEEF228A032230043C273 /* NavigationBarView.swift in Sources */,
			);
			runOnlyForDeploymentPostprocessing = 0;
		};
		6D7B9AB428966B4F00528BD3 /* Sources */ = {
			isa = PBXSourcesBuildPhase;
			buildActionMask = 2147483647;
			files = (
				6D7B9ABD28966B4F00528BD3 /* OldTimeRadioTests.swift in Sources */,
			);
			runOnlyForDeploymentPostprocessing = 0;
		};
		6D7B9ABE28966B4F00528BD3 /* Sources */ = {
			isa = PBXSourcesBuildPhase;
			buildActionMask = 2147483647;
			files = (
				6D7B9AC728966B4F00528BD3 /* OldTimeRadioUITests.swift in Sources */,
				6D7B9AC928966B4F00528BD3 /* OldTimeRadioUITestsLaunchTests.swift in Sources */,
			);
			runOnlyForDeploymentPostprocessing = 0;
		};
/* End PBXSourcesBuildPhase section */

/* Begin PBXTargetDependency section */
		6D7B9ABA28966B4F00528BD3 /* PBXTargetDependency */ = {
			isa = PBXTargetDependency;
			target = 6D7B9AA728966B4E00528BD3 /* OldTimeRadio */;
			targetProxy = 6D7B9AB928966B4F00528BD3 /* PBXContainerItemProxy */;
		};
		6D7B9AC428966B4F00528BD3 /* PBXTargetDependency */ = {
			isa = PBXTargetDependency;
			target = 6D7B9AA728966B4E00528BD3 /* OldTimeRadio */;
			targetProxy = 6D7B9AC328966B4F00528BD3 /* PBXContainerItemProxy */;
		};
/* End PBXTargetDependency section */

/* Begin XCBuildConfiguration section */
		6D7B9ACA28966B4F00528BD3 /* Debug */ = {
			isa = XCBuildConfiguration;
			buildSettings = {
				ALWAYS_SEARCH_USER_PATHS = NO;
				CLANG_ANALYZER_NONNULL = YES;
				CLANG_ANALYZER_NUMBER_OBJECT_CONVERSION = YES_AGGRESSIVE;
				CLANG_CXX_LANGUAGE_STANDARD = "gnu++17";
				CLANG_ENABLE_MODULES = YES;
				CLANG_ENABLE_OBJC_ARC = YES;
				CLANG_ENABLE_OBJC_WEAK = YES;
				CLANG_WARN_BLOCK_CAPTURE_AUTORELEASING = YES;
				CLANG_WARN_BOOL_CONVERSION = YES;
				CLANG_WARN_COMMA = YES;
				CLANG_WARN_CONSTANT_CONVERSION = YES;
				CLANG_WARN_DEPRECATED_OBJC_IMPLEMENTATIONS = YES;
				CLANG_WARN_DIRECT_OBJC_ISA_USAGE = YES_ERROR;
				CLANG_WARN_DOCUMENTATION_COMMENTS = YES;
				CLANG_WARN_EMPTY_BODY = YES;
				CLANG_WARN_ENUM_CONVERSION = YES;
				CLANG_WARN_INFINITE_RECURSION = YES;
				CLANG_WARN_INT_CONVERSION = YES;
				CLANG_WARN_NON_LITERAL_NULL_CONVERSION = YES;
				CLANG_WARN_OBJC_IMPLICIT_RETAIN_SELF = YES;
				CLANG_WARN_OBJC_LITERAL_CONVERSION = YES;
				CLANG_WARN_OBJC_ROOT_CLASS = YES_ERROR;
				CLANG_WARN_QUOTED_INCLUDE_IN_FRAMEWORK_HEADER = YES;
				CLANG_WARN_RANGE_LOOP_ANALYSIS = YES;
				CLANG_WARN_STRICT_PROTOTYPES = YES;
				CLANG_WARN_SUSPICIOUS_MOVE = YES;
				CLANG_WARN_UNGUARDED_AVAILABILITY = YES_AGGRESSIVE;
				CLANG_WARN_UNREACHABLE_CODE = YES;
				CLANG_WARN__DUPLICATE_METHOD_MATCH = YES;
				COPY_PHASE_STRIP = NO;
				DEBUG_INFORMATION_FORMAT = dwarf;
				ENABLE_STRICT_OBJC_MSGSEND = YES;
				ENABLE_TESTABILITY = YES;
				GCC_C_LANGUAGE_STANDARD = gnu11;
				GCC_DYNAMIC_NO_PIC = NO;
				GCC_NO_COMMON_BLOCKS = YES;
				GCC_OPTIMIZATION_LEVEL = 0;
				GCC_PREPROCESSOR_DEFINITIONS = (
					"DEBUG=1",
					"$(inherited)",
				);
				GCC_WARN_64_TO_32_BIT_CONVERSION = YES;
				GCC_WARN_ABOUT_RETURN_TYPE = YES_ERROR;
				GCC_WARN_UNDECLARED_SELECTOR = YES;
				GCC_WARN_UNINITIALIZED_AUTOS = YES_AGGRESSIVE;
				GCC_WARN_UNUSED_FUNCTION = YES;
				GCC_WARN_UNUSED_VARIABLE = YES;
				IPHONEOS_DEPLOYMENT_TARGET = 15.5;
				MTL_ENABLE_DEBUG_INFO = INCLUDE_SOURCE;
				MTL_FAST_MATH = YES;
				ONLY_ACTIVE_ARCH = YES;
				SDKROOT = iphoneos;
				SWIFT_ACTIVE_COMPILATION_CONDITIONS = DEBUG;
				SWIFT_OPTIMIZATION_LEVEL = "-Onone";
			};
			name = Debug;
		};
		6D7B9ACB28966B4F00528BD3 /* Release */ = {
			isa = XCBuildConfiguration;
			buildSettings = {
				ALWAYS_SEARCH_USER_PATHS = NO;
				CLANG_ANALYZER_NONNULL = YES;
				CLANG_ANALYZER_NUMBER_OBJECT_CONVERSION = YES_AGGRESSIVE;
				CLANG_CXX_LANGUAGE_STANDARD = "gnu++17";
				CLANG_ENABLE_MODULES = YES;
				CLANG_ENABLE_OBJC_ARC = YES;
				CLANG_ENABLE_OBJC_WEAK = YES;
				CLANG_WARN_BLOCK_CAPTURE_AUTORELEASING = YES;
				CLANG_WARN_BOOL_CONVERSION = YES;
				CLANG_WARN_COMMA = YES;
				CLANG_WARN_CONSTANT_CONVERSION = YES;
				CLANG_WARN_DEPRECATED_OBJC_IMPLEMENTATIONS = YES;
				CLANG_WARN_DIRECT_OBJC_ISA_USAGE = YES_ERROR;
				CLANG_WARN_DOCUMENTATION_COMMENTS = YES;
				CLANG_WARN_EMPTY_BODY = YES;
				CLANG_WARN_ENUM_CONVERSION = YES;
				CLANG_WARN_INFINITE_RECURSION = YES;
				CLANG_WARN_INT_CONVERSION = YES;
				CLANG_WARN_NON_LITERAL_NULL_CONVERSION = YES;
				CLANG_WARN_OBJC_IMPLICIT_RETAIN_SELF = YES;
				CLANG_WARN_OBJC_LITERAL_CONVERSION = YES;
				CLANG_WARN_OBJC_ROOT_CLASS = YES_ERROR;
				CLANG_WARN_QUOTED_INCLUDE_IN_FRAMEWORK_HEADER = YES;
				CLANG_WARN_RANGE_LOOP_ANALYSIS = YES;
				CLANG_WARN_STRICT_PROTOTYPES = YES;
				CLANG_WARN_SUSPICIOUS_MOVE = YES;
				CLANG_WARN_UNGUARDED_AVAILABILITY = YES_AGGRESSIVE;
				CLANG_WARN_UNREACHABLE_CODE = YES;
				CLANG_WARN__DUPLICATE_METHOD_MATCH = YES;
				COPY_PHASE_STRIP = NO;
				DEBUG_INFORMATION_FORMAT = "dwarf-with-dsym";
				ENABLE_NS_ASSERTIONS = NO;
				ENABLE_STRICT_OBJC_MSGSEND = YES;
				GCC_C_LANGUAGE_STANDARD = gnu11;
				GCC_NO_COMMON_BLOCKS = YES;
				GCC_WARN_64_TO_32_BIT_CONVERSION = YES;
				GCC_WARN_ABOUT_RETURN_TYPE = YES_ERROR;
				GCC_WARN_UNDECLARED_SELECTOR = YES;
				GCC_WARN_UNINITIALIZED_AUTOS = YES_AGGRESSIVE;
				GCC_WARN_UNUSED_FUNCTION = YES;
				GCC_WARN_UNUSED_VARIABLE = YES;
				IPHONEOS_DEPLOYMENT_TARGET = 15.5;
				MTL_ENABLE_DEBUG_INFO = NO;
				MTL_FAST_MATH = YES;
				SDKROOT = iphoneos;
				SWIFT_COMPILATION_MODE = wholemodule;
				SWIFT_OPTIMIZATION_LEVEL = "-O";
				VALIDATE_PRODUCT = YES;
			};
			name = Release;
		};
		6D7B9ACD28966B4F00528BD3 /* Debug */ = {
			isa = XCBuildConfiguration;
			buildSettings = {
				ASSETCATALOG_COMPILER_APPICON_NAME = AppIcon;
				ASSETCATALOG_COMPILER_GLOBAL_ACCENT_COLOR_NAME = AccentColor;
				CODE_SIGN_STYLE = Automatic;
				CURRENT_PROJECT_VERSION = 1;
				DEVELOPMENT_ASSET_PATHS = "\"OldTimeRadio/Preview Content\"";
				DEVELOPMENT_TEAM = S7H39LL58W;
				ENABLE_PREVIEWS = YES;
				GENERATE_INFOPLIST_FILE = YES;
				INFOPLIST_FILE = OldTimeRadio/Info.plist;
				INFOPLIST_KEY_UIApplicationSceneManifest_Generation = YES;
				INFOPLIST_KEY_UIApplicationSupportsIndirectInputEvents = YES;
				INFOPLIST_KEY_UILaunchScreen_Generation = YES;
				INFOPLIST_KEY_UISupportedInterfaceOrientations = UIInterfaceOrientationPortrait;
				INFOPLIST_KEY_UISupportedInterfaceOrientations_iPad = "UIInterfaceOrientationPortrait UIInterfaceOrientationPortraitUpsideDown UIInterfaceOrientationLandscapeLeft UIInterfaceOrientationLandscapeRight";
				INFOPLIST_KEY_UISupportedInterfaceOrientations_iPhone = "UIInterfaceOrientationPortrait UIInterfaceOrientationLandscapeLeft UIInterfaceOrientationLandscapeRight";
				LD_RUNPATH_SEARCH_PATHS = (
					"$(inherited)",
					"@executable_path/Frameworks",
				);
				MARKETING_VERSION = 1.0;
				PRODUCT_BUNDLE_IDENTIFIER = com.007arenko.OldTimeRadio;
				PRODUCT_NAME = "$(TARGET_NAME)";
				SWIFT_EMIT_LOC_STRINGS = YES;
				SWIFT_VERSION = 5.0;
				TARGETED_DEVICE_FAMILY = 1;
			};
			name = Debug;
		};
		6D7B9ACE28966B4F00528BD3 /* Release */ = {
			isa = XCBuildConfiguration;
			buildSettings = {
				ASSETCATALOG_COMPILER_APPICON_NAME = AppIcon;
				ASSETCATALOG_COMPILER_GLOBAL_ACCENT_COLOR_NAME = AccentColor;
				CODE_SIGN_STYLE = Automatic;
				CURRENT_PROJECT_VERSION = 1;
				DEVELOPMENT_ASSET_PATHS = "\"OldTimeRadio/Preview Content\"";
				DEVELOPMENT_TEAM = S7H39LL58W;
				ENABLE_PREVIEWS = YES;
				GENERATE_INFOPLIST_FILE = YES;
				INFOPLIST_FILE = OldTimeRadio/Info.plist;
				INFOPLIST_KEY_UIApplicationSceneManifest_Generation = YES;
				INFOPLIST_KEY_UIApplicationSupportsIndirectInputEvents = YES;
				INFOPLIST_KEY_UILaunchScreen_Generation = YES;
				INFOPLIST_KEY_UISupportedInterfaceOrientations = UIInterfaceOrientationPortrait;
				INFOPLIST_KEY_UISupportedInterfaceOrientations_iPad = "UIInterfaceOrientationPortrait UIInterfaceOrientationPortraitUpsideDown UIInterfaceOrientationLandscapeLeft UIInterfaceOrientationLandscapeRight";
				INFOPLIST_KEY_UISupportedInterfaceOrientations_iPhone = "UIInterfaceOrientationPortrait UIInterfaceOrientationLandscapeLeft UIInterfaceOrientationLandscapeRight";
				LD_RUNPATH_SEARCH_PATHS = (
					"$(inherited)",
					"@executable_path/Frameworks",
				);
				MARKETING_VERSION = 1.0;
				PRODUCT_BUNDLE_IDENTIFIER = com.007arenko.OldTimeRadio;
				PRODUCT_NAME = "$(TARGET_NAME)";
				SWIFT_EMIT_LOC_STRINGS = YES;
				SWIFT_VERSION = 5.0;
				TARGETED_DEVICE_FAMILY = 1;
			};
			name = Release;
		};
		6D7B9AD028966B4F00528BD3 /* Debug */ = {
			isa = XCBuildConfiguration;
			buildSettings = {
				ALWAYS_EMBED_SWIFT_STANDARD_LIBRARIES = YES;
				BUNDLE_LOADER = "$(TEST_HOST)";
				CODE_SIGN_STYLE = Automatic;
				CURRENT_PROJECT_VERSION = 1;
				DEVELOPMENT_TEAM = S7H39LL58W;
				GENERATE_INFOPLIST_FILE = YES;
				IPHONEOS_DEPLOYMENT_TARGET = 15.5;
				MARKETING_VERSION = 1.0;
				PRODUCT_BUNDLE_IDENTIFIER = com.007arenko.OldTimeRadioTests;
				PRODUCT_NAME = "$(TARGET_NAME)";
				SWIFT_EMIT_LOC_STRINGS = NO;
				SWIFT_VERSION = 5.0;
				TARGETED_DEVICE_FAMILY = "1,2";
				TEST_HOST = "$(BUILT_PRODUCTS_DIR)/OldTimeRadio.app/OldTimeRadio";
			};
			name = Debug;
		};
		6D7B9AD128966B4F00528BD3 /* Release */ = {
			isa = XCBuildConfiguration;
			buildSettings = {
				ALWAYS_EMBED_SWIFT_STANDARD_LIBRARIES = YES;
				BUNDLE_LOADER = "$(TEST_HOST)";
				CODE_SIGN_STYLE = Automatic;
				CURRENT_PROJECT_VERSION = 1;
				DEVELOPMENT_TEAM = S7H39LL58W;
				GENERATE_INFOPLIST_FILE = YES;
				IPHONEOS_DEPLOYMENT_TARGET = 15.5;
				MARKETING_VERSION = 1.0;
				PRODUCT_BUNDLE_IDENTIFIER = com.007arenko.OldTimeRadioTests;
				PRODUCT_NAME = "$(TARGET_NAME)";
				SWIFT_EMIT_LOC_STRINGS = NO;
				SWIFT_VERSION = 5.0;
				TARGETED_DEVICE_FAMILY = "1,2";
				TEST_HOST = "$(BUILT_PRODUCTS_DIR)/OldTimeRadio.app/OldTimeRadio";
			};
			name = Release;
		};
		6D7B9AD328966B4F00528BD3 /* Debug */ = {
			isa = XCBuildConfiguration;
			buildSettings = {
				ALWAYS_EMBED_SWIFT_STANDARD_LIBRARIES = YES;
				CODE_SIGN_STYLE = Automatic;
				CURRENT_PROJECT_VERSION = 1;
				DEVELOPMENT_TEAM = S7H39LL58W;
				GENERATE_INFOPLIST_FILE = YES;
				MARKETING_VERSION = 1.0;
				PRODUCT_BUNDLE_IDENTIFIER = com.007arenko.OldTimeRadioUITests;
				PRODUCT_NAME = "$(TARGET_NAME)";
				SWIFT_EMIT_LOC_STRINGS = NO;
				SWIFT_VERSION = 5.0;
				TARGETED_DEVICE_FAMILY = "1,2";
				TEST_TARGET_NAME = OldTimeRadio;
			};
			name = Debug;
		};
		6D7B9AD428966B4F00528BD3 /* Release */ = {
			isa = XCBuildConfiguration;
			buildSettings = {
				ALWAYS_EMBED_SWIFT_STANDARD_LIBRARIES = YES;
				CODE_SIGN_STYLE = Automatic;
				CURRENT_PROJECT_VERSION = 1;
				DEVELOPMENT_TEAM = S7H39LL58W;
				GENERATE_INFOPLIST_FILE = YES;
				MARKETING_VERSION = 1.0;
				PRODUCT_BUNDLE_IDENTIFIER = com.007arenko.OldTimeRadioUITests;
				PRODUCT_NAME = "$(TARGET_NAME)";
				SWIFT_EMIT_LOC_STRINGS = NO;
				SWIFT_VERSION = 5.0;
				TARGETED_DEVICE_FAMILY = "1,2";
				TEST_TARGET_NAME = OldTimeRadio;
			};
			name = Release;
		};
/* End XCBuildConfiguration section */

/* Begin XCConfigurationList section */
		6D7B9AA328966B4E00528BD3 /* Build configuration list for PBXProject "OldTimeRadio" */ = {
			isa = XCConfigurationList;
			buildConfigurations = (
				6D7B9ACA28966B4F00528BD3 /* Debug */,
				6D7B9ACB28966B4F00528BD3 /* Release */,
			);
			defaultConfigurationIsVisible = 0;
			defaultConfigurationName = Release;
		};
		6D7B9ACC28966B4F00528BD3 /* Build configuration list for PBXNativeTarget "OldTimeRadio" */ = {
			isa = XCConfigurationList;
			buildConfigurations = (
				6D7B9ACD28966B4F00528BD3 /* Debug */,
				6D7B9ACE28966B4F00528BD3 /* Release */,
			);
			defaultConfigurationIsVisible = 0;
			defaultConfigurationName = Release;
		};
		6D7B9ACF28966B4F00528BD3 /* Build configuration list for PBXNativeTarget "OldTimeRadioTests" */ = {
			isa = XCConfigurationList;
			buildConfigurations = (
				6D7B9AD028966B4F00528BD3 /* Debug */,
				6D7B9AD128966B4F00528BD3 /* Release */,
			);
			defaultConfigurationIsVisible = 0;
			defaultConfigurationName = Release;
		};
		6D7B9AD228966B4F00528BD3 /* Build configuration list for PBXNativeTarget "OldTimeRadioUITests" */ = {
			isa = XCConfigurationList;
			buildConfigurations = (
				6D7B9AD328966B4F00528BD3 /* Debug */,
				6D7B9AD428966B4F00528BD3 /* Release */,
			);
			defaultConfigurationIsVisible = 0;
			defaultConfigurationName = Release;
		};
/* End XCConfigurationList section */
	};
	rootObject = 6D7B9AA028966B4E00528BD3 /* Project object */;
}
